
Microsoft Visual Studio Solution File, Format Version 12.00
Project("{FAE04EC0-301F-11D3-BF4B-00C04F79EFBC}") = "DataBaseHonework", "DataBaseHonework\DataBaseHonework.csproj", "{36A0BFC5-72E5-4840-8E40-88819E3A1EBB}"
EndProject
Global
	GlobalSection(SolutionConfigurationPlatforms) = preSolution
		Debug|Any CPU = Debug|Any CPU
		Release|Any CPU = Release|Any CPU
	EndGlobalSection
	GlobalSection(ProjectConfigurationPlatforms) = postSolution
		{36A0BFC5-72E5-4840-8E40-88819E3A1EBB}.Debug|Any CPU.ActiveCfg = Debug|Any CPU
		{36A0BFC5-72E5-4840-8E40-88819E3A1EBB}.Debug|Any CPU.Build.0 = Debug|Any CPU
		{36A0BFC5-72E5-4840-8E40-88819E3A1EBB}.Release|Any CPU.ActiveCfg = Release|Any CPU
		{36A0BFC5-72E5-4840-8E40-88819E3A1EBB}.Release|Any CPU.Build.0 = Release|Any CPU
	EndGlobalSection
EndGlobal
